
Microsoft Visual Studio Solution File, Format Version 12.00
# Visual Studio Version 17
VisualStudioVersion = 17.11.35312.102
MinimumVisualStudioVersion = 10.0.40219.1
Project("{FAE04EC0-301F-11D3-BF4B-00C04F79EFBC}") = "Vyhodnoceoguifrghsioeuoj", "Vyhodnoceoguifrghsioeuoj.csproj", "{A8C25AD2-63BC-4882-9787-7FCF40F863DF}"
EndProject
Global
	GlobalSection(SolutionConfigurationPlatforms) = preSolution
		Debug|Any CPU = Debug|Any CPU
		Release|Any CPU = Release|Any CPU
	EndGlobalSection
	GlobalSection(ProjectConfigurationPlatforms) = postSolution
		{A8C25AD2-63BC-4882-9787-7FCF40F863DF}.Debug|Any CPU.ActiveCfg = Debug|Any CPU
		{A8C25AD2-63BC-4882-9787-7FCF40F863DF}.Debug|Any CPU.Build.0 = Debug|Any CPU
		{A8C25AD2-63BC-4882-9787-7FCF40F863DF}.Release|Any CPU.ActiveCfg = Release|Any CPU
		{A8C25AD2-63BC-4882-9787-7FCF40F863DF}.Release|Any CPU.Build.0 = Release|Any CPU
	EndGlobalSection
	GlobalSection(SolutionProperties) = preSolution
		HideSolutionNode = FALSE
	EndGlobalSection
	GlobalSection(ExtensibilityGlobals) = postSolution
		SolutionGuid = {EA39C137-B256-444F-B6BD-60376A86F1D5}
	EndGlobalSection
EndGlobal
